// !$*UTF8*$!
{
	archiveVersion = 1;
	classes = {
	};
	objectVersion = 56;
	objects = {

/* Begin PBXBuildFile section */
		AA0001010000000000000001 /* OpenWriteApp.swift in Sources */ = {isa = PBXBuildFile; fileRef = BB0001010000000000000001 /* OpenWriteApp.swift */; };
		AA0001010000000000000033 /* AppDelegate.swift in Sources */ = {isa = PBXBuildFile; fileRef = BB0001010000000000000033 /* AppDelegate.swift */; };
		AA0001010000000000000002 /* ContentView.swift in Sources */ = {isa = PBXBuildFile; fileRef = BB0001010000000000000002 /* ContentView.swift */; };
		AA0001010000000000000003 /* EditorView.swift in Sources */ = {isa = PBXBuildFile; fileRef = BB0001010000000000000003 /* EditorView.swift */; };
		AA0001010000000000000004 /* VaultDocument.swift in Sources */ = {isa = PBXBuildFile; fileRef = BB0001010000000000000004 /* VaultDocument.swift */; };
		AA00010100000000000000B6 /* CoverStyle.swift in Sources */ = {isa = PBXBuildFile; fileRef = BB00010100000000000000B6 /* CoverStyle.swift */; };
		AA0001010000000000000005 /* NoteBlock.swift in Sources */ = {isa = PBXBuildFile; fileRef = BB0001010000000000000005 /* NoteBlock.swift */; };
		AA0001010000000000000006 /* EncryptionService.swift in Sources */ = {isa = PBXBuildFile; fileRef = BB0001010000000000000006 /* EncryptionService.swift */; };
		AA0001010000000000000007 /* VaultStore.swift in Sources */ = {isa = PBXBuildFile; fileRef = BB0001010000000000000007 /* VaultStore.swift */; };
		AA0001010000000000000008 /* LMStudioConfig.swift in Sources */ = {isa = PBXBuildFile; fileRef = BB0001010000000000000008 /* LMStudioConfig.swift */; };
		AA0001010000000000000009 /* LMStudioClient.swift in Sources */ = {isa = PBXBuildFile; fileRef = BB0001010000000000000009 /* LMStudioClient.swift */; };
		AA000101000000000000000A /* Assets.xcassets in Resources */ = {isa = PBXBuildFile; fileRef = BB000101000000000000000A /* Assets.xcassets */; };
		AA000101000000000000000B /* IndexerService.swift in Sources */ = {isa = PBXBuildFile; fileRef = BB000101000000000000000B /* IndexerService.swift */; };
		AA000101000000000000000C /* RetrievalService.swift in Sources */ = {isa = PBXBuildFile; fileRef = BB000101000000000000000C /* RetrievalService.swift */; };
		AA000101000000000000000D /* HybridRanker.swift in Sources */ = {isa = PBXBuildFile; fileRef = BB000101000000000000000D /* HybridRanker.swift */; };
		AA000101000000000000000E /* BacklinkIndex.swift in Sources */ = {isa = PBXBuildFile; fileRef = BB000101000000000000000E /* BacklinkIndex.swift */; };
		AA000101000000000000000F /* WorkbenchState.swift in Sources */ = {isa = PBXBuildFile; fileRef = BB000101000000000000000F /* WorkbenchState.swift */; };
		AA0001010000000000000010 /* SidebarSection.swift in Sources */ = {isa = PBXBuildFile; fileRef = BB0001010000000000000010 /* SidebarSection.swift */; };
		AA0001010000000000000011 /* QuickCaptureController.swift in Sources */ = {isa = PBXBuildFile; fileRef = BB0001010000000000000011 /* QuickCaptureController.swift */; };
		AA0001010000000000000012 /* NDLParser.swift in Sources */ = {isa = PBXBuildFile; fileRef = BB0001010000000000000012 /* NDLParser.swift */; };
		AA0001010000000000000116 /* BlockRefinement.swift in Sources */ = {isa = PBXBuildFile; fileRef = BB0001010000000000000116 /* BlockRefinement.swift */; };
		AA0001010000000000000117 /* RefinePrompts.swift in Sources */ = {isa = PBXBuildFile; fileRef = BB0001010000000000000117 /* RefinePrompts.swift */; };
		AA000101000000000000011A /* BlockKeyboardEditing.swift in Sources */ = {isa = PBXBuildFile; fileRef = BB000101000000000000011A /* BlockKeyboardEditing.swift */; };
		AA000101000000000000011B /* RichPasteImporter.swift in Sources */ = {isa = PBXBuildFile; fileRef = BB000101000000000000011B /* RichPasteImporter.swift */; };
		AA000101000000000000011C /* RefineAvailability.swift in Sources */ = {isa = PBXBuildFile; fileRef = BB000101000000000000011C /* RefineAvailability.swift */; };
		AA000101000000000000011D /* MorningPaperGenerator.swift in Sources */ = {isa = PBXBuildFile; fileRef = BB000101000000000000011D /* MorningPaperGenerator.swift */; };
		AA000101000000000000011E /* ResearchDigestBuilder.swift in Sources */ = {isa = PBXBuildFile; fileRef = BB000101000000000000011E /* ResearchDigestBuilder.swift */; };
		AA000101000000000000011F /* MorningPaperSheet.swift in Sources */ = {isa = PBXBuildFile; fileRef = BB000101000000000000011F /* MorningPaperSheet.swift */; };
		AA0001010000000000000120 /* ResearchDigestSheet.swift in Sources */ = {isa = PBXBuildFile; fileRef = BB0001010000000000000120 /* ResearchDigestSheet.swift */; };
		AA0001010000000000000121 /* ObsidianMarkdownNormalizer.swift in Sources */ = {isa = PBXBuildFile; fileRef = BB0001010000000000000121 /* ObsidianMarkdownNormalizer.swift */; };
		AA0001010000000000000122 /* ObsidianVaultImporter.swift in Sources */ = {isa = PBXBuildFile; fileRef = BB0001010000000000000122 /* ObsidianVaultImporter.swift */; };
		AA0001010000000000000123 /* ObsidianImportSheet.swift in Sources */ = {isa = PBXBuildFile; fileRef = BB0001010000000000000123 /* ObsidianImportSheet.swift */; };
		AA0001010000000000000013 /* RAGService.swift in Sources */ = {isa = PBXBuildFile; fileRef = BB0001010000000000000013 /* RAGService.swift */; };
		AA0001010000000000000014 /* MarkdownImporter.swift in Sources */ = {isa = PBXBuildFile; fileRef = BB0001010000000000000014 /* MarkdownImporter.swift */; };
		AA0001010000000000000015 /* PageType.swift in Sources */ = {isa = PBXBuildFile; fileRef = BB0001010000000000000015 /* PageType.swift */; };
		AA0001010000000000000016 /* PageProperties.swift in Sources */ = {isa = PBXBuildFile; fileRef = BB0001010000000000000016 /* PageProperties.swift */; };
		AA0001010000000000000017 /* TypeTemplate.swift in Sources */ = {isa = PBXBuildFile; fileRef = BB0001010000000000000017 /* TypeTemplate.swift */; };
		AA0001010000000000000018 /* TypePickerView.swift in Sources */ = {isa = PBXBuildFile; fileRef = BB0001010000000000000018 /* TypePickerView.swift */; };
		AA0001010000000000000019 /* PropertyInspectorView.swift in Sources */ = {isa = PBXBuildFile; fileRef = BB0001010000000000000019 /* PropertyInspectorView.swift */; };
		AA000101000000000000001A /* AISafetyLimits.swift in Sources */ = {isa = PBXBuildFile; fileRef = BB000101000000000000001A /* AISafetyLimits.swift */; };
		AA000101000000000000001B /* SessionSnapshot.swift in Sources */ = {isa = PBXBuildFile; fileRef = BB000101000000000000001B /* SessionSnapshot.swift */; };
		AA000101000000000000001C /* PastWritesService.swift in Sources */ = {isa = PBXBuildFile; fileRef = BB000101000000000000001C /* PastWritesService.swift */; };
		AA000101000000000000001D /* REMImportAdapter.swift in Sources */ = {isa = PBXBuildFile; fileRef = BB000101000000000000001D /* REMImportAdapter.swift */; };
		AA000101000000000000001E /* PastWritesTimelineView.swift in Sources */ = {isa = PBXBuildFile; fileRef = BB000101000000000000001E /* PastWritesTimelineView.swift */; };
		AA000101000000000000001F /* InspectorTab.swift in Sources */ = {isa = PBXBuildFile; fileRef = BB000101000000000000001F /* InspectorTab.swift */; };
		AA0001010000000000000020 /* WorkbenchInspectorView.swift in Sources */ = {isa = PBXBuildFile; fileRef = BB0001010000000000000020 /* WorkbenchInspectorView.swift */; };
		AA0001010000000000000021 /* IndexChunk.swift in Sources */ = {isa = PBXBuildFile; fileRef = BB0001010000000000000021 /* IndexChunk.swift */; };
		AA0001010000000000000022 /* DesignTokens.swift in Sources */ = {isa = PBXBuildFile; fileRef = BB0001010000000000000022 /* DesignTokens.swift */; };
		AA0001010000000000000023 /* EmbeddingService.swift in Sources */ = {isa = PBXBuildFile; fileRef = BB0001010000000000000023 /* EmbeddingService.swift */; };
		AA0001010000000000000024 /* InMemoryVectorStore.swift in Sources */ = {isa = PBXBuildFile; fileRef = BB0001010000000000000024 /* InMemoryVectorStore.swift */; };
		AA0001010000000000000025 /* OpenWriteAIServices.swift in Sources */ = {isa = PBXBuildFile; fileRef = BB0001010000000000000025 /* OpenWriteAIServices.swift */; };
		AA0001010000000000000026 /* ChatPanelView.swift in Sources */ = {isa = PBXBuildFile; fileRef = BB0001010000000000000026 /* ChatPanelView.swift */; };
		AA0001010000000000000102 /* ChatComposerView.swift in Sources */ = {isa = PBXBuildFile; fileRef = BB0001010000000000000102 /* ChatComposerView.swift */; };
		AA0001010000000000000106 /* ChatComposerPasteBridge.swift in Sources */ = {isa = PBXBuildFile; fileRef = BB0001010000000000000106 /* ChatComposerPasteBridge.swift */; };
		AA0001010000000000000107 /* OWRefineAssistPanel.swift in Sources */ = {isa = PBXBuildFile; fileRef = BB0001010000000000000107 /* OWRefineAssistPanel.swift */; };
		AA000101000000000000010D /* OWSuggestedActionsPanel.swift in Sources */ = {isa = PBXBuildFile; fileRef = BB000101000000000000010D /* OWSuggestedActionsPanel.swift */; };
		AA0001010000000000000108 /* OWBrandLogoView.swift in Sources */ = {isa = PBXBuildFile; fileRef = BB0001010000000000000108 /* OWBrandLogoView.swift */; };
		AA0001010000000000000109 /* OWActionScript.swift in Sources */ = {isa = PBXBuildFile; fileRef = BB0001010000000000000109 /* OWActionScript.swift */; };
		AA000101000000000000010A /* EditorBlockInsertMenu.swift in Sources */ = {isa = PBXBuildFile; fileRef = BB000101000000000000010A /* EditorBlockInsertMenu.swift */; };
		AA000101000000000000010B /* ChatVisionPayload.swift in Sources */ = {isa = PBXBuildFile; fileRef = BB000101000000000000010B /* ChatVisionPayload.swift */; };
		AA000101000000000000010C /* OWPageIconCatalog.swift in Sources */ = {isa = PBXBuildFile; fileRef = BB000101000000000000010C /* OWPageIconCatalog.swift */; };
		AA0001010000000000000103 /* ChatTranscriptView.swift in Sources */ = {isa = PBXBuildFile; fileRef = BB0001010000000000000103 /* ChatTranscriptView.swift */; };
		AA00010100000000000000F0 /* RAGSourcePillsView.swift in Sources */ = {isa = PBXBuildFile; fileRef = BB00010100000000000000F0 /* RAGSourcePillsView.swift */; };
		AA00010100000000000000F1 /* RetrievalHit+Sources.swift in Sources */ = {isa = PBXBuildFile; fileRef = BB00010100000000000000F1 /* RetrievalHit+Sources.swift */; };
		AA00010100000000000000F9 /* ChatAttachmentStore.swift in Sources */ = {isa = PBXBuildFile; fileRef = BB00010100000000000000F9 /* ChatAttachmentStore.swift */; };
		AA00010100000000000000FB /* OWChatStatusStepper.swift in Sources */ = {isa = PBXBuildFile; fileRef = BB00010100000000000000FB /* OWChatStatusStepper.swift */; };
		AA00010100000000000000F5 /* OpenWriteThemedScrollView.swift in Sources */ = {isa = PBXBuildFile; fileRef = BB00010100000000000000F5 /* OpenWriteThemedScrollView.swift */; };
		AA00010100000000000000FE /* ChatSessionStore.swift in Sources */ = {isa = PBXBuildFile; fileRef = BB00010100000000000000FE /* ChatSessionStore.swift */; };
		AA00010100000000000000FA /* SourceDisplayName.swift in Sources */ = {isa = PBXBuildFile; fileRef = BB00010100000000000000FA /* SourceDisplayName.swift */; };
		AA00010100000000000000F2 /* LMStudioConfigPersistence.swift in Sources */ = {isa = PBXBuildFile; fileRef = BB00010100000000000000F2 /* LMStudioConfigPersistence.swift */; };
		AA0001010000000000000100 /* WebFetchService.swift in Sources */ = {isa = PBXBuildFile; fileRef = BB0001010000000000000100 /* WebFetchService.swift */; };
		AA0001010000000000000112 /* WebResearchPipeline.swift in Sources */ = {isa = PBXBuildFile; fileRef = BB0001010000000000000112 /* WebResearchPipeline.swift */; };
		AA0001010000000000000113 /* WebSourcePillsView.swift in Sources */ = {isa = PBXBuildFile; fileRef = BB0001010000000000000113 /* WebSourcePillsView.swift */; };
		AA0001010000000000000114 /* RetrievalQueryAnalysis.swift in Sources */ = {isa = PBXBuildFile; fileRef = BB0001010000000000000114 /* RetrievalQueryAnalysis.swift */; };
		AA0001010000000000000115 /* OpenWriteCLIInstall.swift in Sources */ = {isa = PBXBuildFile; fileRef = BB0001010000000000000115 /* OpenWriteCLIInstall.swift */; };
		AA00010100000000000000F3 /* VaultIndexEntry.swift in Sources */ = {isa = PBXBuildFile; fileRef = BB00010100000000000000F3 /* VaultIndexEntry.swift */; };
		AA0001010000000000000027 /* RelatedNotesView.swift in Sources */ = {isa = PBXBuildFile; fileRef = BB0001010000000000000027 /* RelatedNotesView.swift */; };
		AA0001010000000000000028 /* AgentConfig.swift in Sources */ = {isa = PBXBuildFile; fileRef = BB0001010000000000000028 /* AgentConfig.swift */; };
		AA0001010000000000000029 /* BuiltInAgents.swift in Sources */ = {isa = PBXBuildFile; fileRef = BB0001010000000000000029 /* BuiltInAgents.swift */; };
		AA000101000000000000002A /* DictationService.swift in Sources */ = {isa = PBXBuildFile; fileRef = BB000101000000000000002A /* DictationService.swift */; };
		AA0001010000000000000032 /* VoiceInputService.swift in Sources */ = {isa = PBXBuildFile; fileRef = BB0001010000000000000032 /* VoiceInputService.swift */; };
		AA000101000000000000002B /* AgentPickerView.swift in Sources */ = {isa = PBXBuildFile; fileRef = BB000101000000000000002B /* AgentPickerView.swift */; };
		AA000101000000000000002C /* InlineAssistController.swift in Sources */ = {isa = PBXBuildFile; fileRef = BB000101000000000000002C /* InlineAssistController.swift */; };
		AA00010100000000000000F6 /* InlineMarkdown.swift in Sources */ = {isa = PBXBuildFile; fileRef = BB00010100000000000000F6 /* InlineMarkdown.swift */; };
		AA00010100000000000000F7 /* OWBlockTextEditor.swift in Sources */ = {isa = PBXBuildFile; fileRef = BB00010100000000000000F7 /* OWBlockTextEditor.swift */; };
		AA00010100000000000000F8 /* BlockFormattingState.swift in Sources */ = {isa = PBXBuildFile; fileRef = BB00010100000000000000F8 /* BlockFormattingState.swift */; };
		AA0001010000000000000030 /* StructureTemplate.swift in Sources */ = {isa = PBXBuildFile; fileRef = BB0001010000000000000030 /* StructureTemplate.swift */; };
		AA0001010000000000000031 /* StructureTemplatePicker.swift in Sources */ = {isa = PBXBuildFile; fileRef = BB0001010000000000000031 /* StructureTemplatePicker.swift */; };
		AA0001010000000000000034 /* OWSidebarRow.swift in Sources */ = {isa = PBXBuildFile; fileRef = BB0001010000000000000034 /* OWSidebarRow.swift */; };
		AA00010100000000000000B5 /* OWSidebarSection.swift in Sources */ = {isa = PBXBuildFile; fileRef = BB00010100000000000000B5 /* OWSidebarSection.swift */; };
		AA0001010000000000000035 /* AISettingsView.swift in Sources */ = {isa = PBXBuildFile; fileRef = BB0001010000000000000035 /* AISettingsView.swift */; };
		AA0001010000000000000036 /* OWRoundedRect.swift in Sources */ = {isa = PBXBuildFile; fileRef = BB0001010000000000000036 /* OWRoundedRect.swift */; };
		AA0001010000000000000038 /* OWPageHero.swift in Sources */ = {isa = PBXBuildFile; fileRef = BB0001010000000000000038 /* OWPageHero.swift */; };
		AA00010100000000000000B4 /* OWAIPanelHeader.swift in Sources */ = {isa = PBXBuildFile; fileRef = BB00010100000000000000B4 /* OWAIPanelHeader.swift */; };
		AA00010100000000000000D2 /* OWPageHeaderEditor.swift in Sources */ = {isa = PBXBuildFile; fileRef = BB00010100000000000000D2 /* OWPageHeaderEditor.swift */; };
		AA00010100000000000000D4 /* OWUnicodeSymbolCatalog.swift in Sources */ = {isa = PBXBuildFile; fileRef = BB00010100000000000000D4 /* OWUnicodeSymbolCatalog.swift */; };
		AA0001010000000000000047 /* OWPreviewBlockRow.swift in Sources */ = {isa = PBXBuildFile; fileRef = BB0001010000000000000047 /* OWPreviewBlockRow.swift */; };
		AA0001010000000000000048 /* OWBlockEditorView.swift in Sources */ = {isa = PBXBuildFile; fileRef = BB0001010000000000000048 /* OWBlockEditorView.swift */; };
		AA000101000000000000010E /* BlockDocumentEditing.swift in Sources */ = {isa = PBXBuildFile; fileRef = BB000101000000000000010E /* BlockDocumentEditing.swift */; };
		AA000101000000000000010F /* OpenWriteProductContext.swift in Sources */ = {isa = PBXBuildFile; fileRef = BB000101000000000000010F /* OpenWriteProductContext.swift */; };
		AA0001010000000000000110 /* EditorActionPreviews.swift in Sources */ = {isa = PBXBuildFile; fileRef = BB0001010000000000000110 /* EditorActionPreviews.swift */; };
		AA0001010000000000000039 /* OWObjectTypeChip.swift in Sources */ = {isa = PBXBuildFile; fileRef = BB0001010000000000000039 /* OWObjectTypeChip.swift */; };
		AA000101000000000000003A /* AgentRegistry.swift in Sources */ = {isa = PBXBuildFile; fileRef = BB000101000000000000003A /* AgentRegistry.swift */; };
		AA000101000000000000003E /* OWMetadataChip.swift in Sources */ = {isa = PBXBuildFile; fileRef = BB000101000000000000003E /* OWMetadataChip.swift */; };
		AA00010100000000000000B1 /* OWIcon.swift in Sources */ = {isa = PBXBuildFile; fileRef = BB00010100000000000000B1 /* OWIcon.swift */; };
		AA00010100000000000000D3 /* OWUnicodeIcon.swift in Sources */ = {isa = PBXBuildFile; fileRef = BB00010100000000000000D3 /* OWUnicodeIcon.swift */; };
		AA0001010000000000000040 /* AnytypeShellView.swift in Sources */ = {isa = PBXBuildFile; fileRef = BB0001010000000000000040 /* AnytypeShellView.swift */; };
		AA0001010000000000000101 /* WorkbenchLayoutCoordinator.swift in Sources */ = {isa = PBXBuildFile; fileRef = BB0001010000000000000101 /* WorkbenchLayoutCoordinator.swift */; };
		AA0001010000000000000111 /* AgentsWorkbenchView.swift in Sources */ = {isa = PBXBuildFile; fileRef = BB0001010000000000000111 /* AgentsWorkbenchView.swift */; };
		AA0001010000000000000104 /* BlockEditorPasteCaptureView.swift in Sources */ = {isa = PBXBuildFile; fileRef = BB0001010000000000000104 /* BlockEditorPasteCaptureView.swift */; };
		AA0001010000000000000105 /* EditorPreviewBlockStack.swift in Sources */ = {isa = PBXBuildFile; fileRef = BB0001010000000000000105 /* EditorPreviewBlockStack.swift */; };
		AA00010100000000000000FC /* OWWindowChrome.swift in Sources */ = {isa = PBXBuildFile; fileRef = BB00010100000000000000FC /* OWWindowChrome.swift */; };
		AA00010100000000000000FD /* ShellChromePreferences.swift in Sources */ = {isa = PBXBuildFile; fileRef = BB00010100000000000000FD /* ShellChromePreferences.swift */; };
		AA00010100000000000000B3 /* OWNavigationRail.swift in Sources */ = {isa = PBXBuildFile; fileRef = BB00010100000000000000B3 /* OWNavigationRail.swift */; };
		AA00010100000000000000D0 /* LaunchIntroView.swift in Sources */ = {isa = PBXBuildFile; fileRef = BB00010100000000000000D0 /* LaunchIntroView.swift */; };
		AA0001010000000000000041 /* GraphPlaceholderView.swift in Sources */ = {isa = PBXBuildFile; fileRef = BB0001010000000000000041 /* GraphPlaceholderView.swift */; };
		AA0001010000000000000042 /* AIAssistStripView.swift in Sources */ = {isa = PBXBuildFile; fileRef = BB0001010000000000000042 /* AIAssistStripView.swift */; };
		AA0001010000000000000043 /* CenterWorkbenchTab.swift in Sources */ = {isa = PBXBuildFile; fileRef = BB0001010000000000000043 /* CenterWorkbenchTab.swift */; };
		AA0001010000000000000044 /* GraphViewModel.swift in Sources */ = {isa = PBXBuildFile; fileRef = BB0001010000000000000044 /* GraphViewModel.swift */; };
		AA0001010000000000000045 /* GraphView.swift in Sources */ = {isa = PBXBuildFile; fileRef = BB0001010000000000000045 /* GraphView.swift */; };
		AA0001010000000000000046 /* GraphLayoutStore.swift in Sources */ = {isa = PBXBuildFile; fileRef = BB0001010000000000000046 /* GraphLayoutStore.swift */; };
		AA000101000000000000004C /* IngestionPipeline.swift in Sources */ = {isa = PBXBuildFile; fileRef = BB000101000000000000004C /* IngestionPipeline.swift */; };
		AA000101000000000000004D /* IngestionHealth.swift in Sources */ = {isa = PBXBuildFile; fileRef = BB000101000000000000004D /* IngestionHealth.swift */; };
		AA000101000000000000004E /* VaultFSEventsStub.swift in Sources */ = {isa = PBXBuildFile; fileRef = BB000101000000000000004E /* VaultFSEventsStub.swift */; };
		AA00010100000000000000B2 /* AIAssistNavigationState.swift in Sources */ = {isa = PBXBuildFile; fileRef = BB00010100000000000000B2 /* AIAssistNavigationState.swift */; };
		AA000101000000000000005F /* Fonts in Resources */ = {isa = PBXBuildFile; fileRef = BB000101000000000000005F /* Fonts */; };
		AA00010100000000000000D1 /* OWTypography.swift in Sources */ = {isa = PBXBuildFile; fileRef = BB00010100000000000000D1 /* OWTypography.swift */; };
		AA0001010000000000000056 /* OWDatabase.swift in Sources */ = {isa = PBXBuildFile; fileRef = BB0001010000000000000056 /* OWDatabase.swift */; };
		AA0001010000000000000057 /* OWDatabaseEntry.swift in Sources */ = {isa = PBXBuildFile; fileRef = BB0001010000000000000057 /* OWDatabaseEntry.swift */; };
		AA0001010000000000000058 /* VaultSnapshot.swift in Sources */ = {isa = PBXBuildFile; fileRef = BB0001010000000000000058 /* VaultSnapshot.swift */; };
		AA0001010000000000000059 /* DatabaseListView.swift in Sources */ = {isa = PBXBuildFile; fileRef = BB0001010000000000000059 /* DatabaseListView.swift */; };
		AA000101000000000000005A /* DatabaseTableView.swift in Sources */ = {isa = PBXBuildFile; fileRef = BB000101000000000000005A /* DatabaseTableView.swift */; };
		AA000101000000000000005B /* CreateDatabaseSheet.swift in Sources */ = {isa = PBXBuildFile; fileRef = BB000101000000000000005B /* CreateDatabaseSheet.swift */; };
		AA00010100000000000000C1 /* ThemeID.swift in Sources */ = {isa = PBXBuildFile; fileRef = BB00010100000000000000C1 /* ThemeID.swift */; };
		AA00010100000000000000C2 /* ThemePalette.swift in Sources */ = {isa = PBXBuildFile; fileRef = BB00010100000000000000C2 /* ThemePalette.swift */; };
		AA00010100000000000000C3 /* ThemeManager.swift in Sources */ = {isa = PBXBuildFile; fileRef = BB00010100000000000000C3 /* ThemeManager.swift */; };
		AA00010100000000000000C4 /* ThemePickerView.swift in Sources */ = {isa = PBXBuildFile; fileRef = BB00010100000000000000C4 /* ThemePickerView.swift */; };
		AA00010100000000000000C5 /* OpenWriteSettingsView.swift in Sources */ = {isa = PBXBuildFile; fileRef = BB00010100000000000000C5 /* OpenWriteSettingsView.swift */; };
		AA00010100000000000000D5 /* VaultAttachmentStore.swift in Sources */ = {isa = PBXBuildFile; fileRef = BB00010100000000000000D5 /* VaultAttachmentStore.swift */; };
		AA00010100000000000000D9 /* VaultCoverStore.swift in Sources */ = {isa = PBXBuildFile; fileRef = BB00010100000000000000D9 /* VaultCoverStore.swift */; };
		AA00010100000000000000D6 /* OWThemedControls.swift in Sources */ = {isa = PBXBuildFile; fileRef = BB00010100000000000000D6 /* OWThemedControls.swift */; };
		AA00010100000000000000D7 /* OpenWriteVault.swift in Sources */ = {isa = PBXBuildFile; fileRef = BB00010100000000000000D7 /* OpenWriteVault.swift */; };
		AA00010100000000000000D8 /* DemoVaultSeeder.swift in Sources */ = {isa = PBXBuildFile; fileRef = BB00010100000000000000D8 /* DemoVaultSeeder.swift */; };
		AA00010100000000000000DA /* VaultLocationPreferences.swift in Sources */ = {isa = PBXBuildFile; fileRef = BB00010100000000000000DA /* VaultLocationPreferences.swift */; };
		AA00010100000000000000DB /* VaultMarkdownWatcher.swift in Sources */ = {isa = PBXBuildFile; fileRef = BB00010100000000000000DB /* VaultMarkdownWatcher.swift */; };
		AA00010100000000000000DC /* VaultMarkdownCatalog.swift in Sources */ = {isa = PBXBuildFile; fileRef = BB00010100000000000000DC /* VaultMarkdownCatalog.swift */; };
		AA00010100000000000000DD /* VaultIndexEntry.swift in Sources */ = {isa = PBXBuildFile; fileRef = BB00010100000000000000DD /* VaultIndexEntry.swift */; };
		AA00010100000000000000DE /* OWPageBanner.swift in Sources */ = {isa = PBXBuildFile; fileRef = BB00010100000000000000DE /* OWPageBanner.swift */; };
		AA00010100000000000000DF /* RetrievalHit+Sources.swift in Sources */ = {isa = PBXBuildFile; fileRef = BB00010100000000000000DF /* RetrievalHit+Sources.swift */; };
/* End PBXBuildFile section */

/* Begin PBXFileReference section */
		BB0001010000000000000001 /* OpenWriteApp.swift */ = {isa = PBXFileReference; lastKnownFileType = sourcecode.swift; path = OpenWriteApp.swift; sourceTree = "<group>"; };
		BB0001010000000000000033 /* AppDelegate.swift */ = {isa = PBXFileReference; lastKnownFileType = sourcecode.swift; path = AppDelegate.swift; sourceTree = "<group>"; };
		BB0001010000000000000002 /* ContentView.swift */ = {isa = PBXFileReference; lastKnownFileType = sourcecode.swift; path = ContentView.swift; sourceTree = "<group>"; };
		BB0001010000000000000003 /* EditorView.swift */ = {isa = PBXFileReference; lastKnownFileType = sourcecode.swift; path = EditorView.swift; sourceTree = "<group>"; };
		BB0001010000000000000004 /* VaultDocument.swift */ = {isa = PBXFileReference; lastKnownFileType = sourcecode.swift; path = VaultDocument.swift; sourceTree = "<group>"; };
		BB00010100000000000000B6 /* CoverStyle.swift */ = {isa = PBXFileReference; lastKnownFileType = sourcecode.swift; path = CoverStyle.swift; sourceTree = "<group>"; };
		BB0001010000000000000005 /* NoteBlock.swift */ = {isa = PBXFileReference; lastKnownFileType = sourcecode.swift; path = NoteBlock.swift; sourceTree = "<group>"; };
		BB0001010000000000000006 /* EncryptionService.swift */ = {isa = PBXFileReference; lastKnownFileType = sourcecode.swift; path = EncryptionService.swift; sourceTree = "<group>"; };
		BB0001010000000000000007 /* VaultStore.swift */ = {isa = PBXFileReference; lastKnownFileType = sourcecode.swift; path = VaultStore.swift; sourceTree = "<group>"; };
		BB0001010000000000000008 /* LMStudioConfig.swift */ = {isa = PBXFileReference; lastKnownFileType = sourcecode.swift; path = LMStudioConfig.swift; sourceTree = "<group>"; };
		BB0001010000000000000009 /* LMStudioClient.swift */ = {isa = PBXFileReference; lastKnownFileType = sourcecode.swift; path = LMStudioClient.swift; sourceTree = "<group>"; };
		BB000101000000000000000A /* Assets.xcassets */ = {isa = PBXFileReference; lastKnownFileType = folder.assetcatalog; path = Assets.xcassets; sourceTree = "<group>"; };
		BB000101000000000000000B /* IndexerService.swift */ = {isa = PBXFileReference; lastKnownFileType = sourcecode.swift; path = IndexerService.swift; sourceTree = "<group>"; };
		BB000101000000000000000C /* RetrievalService.swift */ = {isa = PBXFileReference; lastKnownFileType = sourcecode.swift; path = RetrievalService.swift; sourceTree = "<group>"; };
		BB000101000000000000000D /* HybridRanker.swift */ = {isa = PBXFileReference; lastKnownFileType = sourcecode.swift; path = HybridRanker.swift; sourceTree = "<group>"; };
		BB000101000000000000000E /* BacklinkIndex.swift */ = {isa = PBXFileReference; lastKnownFileType = sourcecode.swift; path = BacklinkIndex.swift; sourceTree = "<group>"; };
		BB000101000000000000000F /* WorkbenchState.swift */ = {isa = PBXFileReference; lastKnownFileType = sourcecode.swift; path = WorkbenchState.swift; sourceTree = "<group>"; };
		BB0001010000000000000010 /* SidebarSection.swift */ = {isa = PBXFileReference; lastKnownFileType = sourcecode.swift; path = SidebarSection.swift; sourceTree = "<group>"; };
		BB0001010000000000000011 /* QuickCaptureController.swift */ = {isa = PBXFileReference; lastKnownFileType = sourcecode.swift; path = QuickCaptureController.swift; sourceTree = "<group>"; };
		BB0001010000000000000012 /* NDLParser.swift */ = {isa = PBXFileReference; lastKnownFileType = sourcecode.swift; path = NDLParser.swift; sourceTree = "<group>"; };
		BB0001010000000000000116 /* BlockRefinement.swift */ = {isa = PBXFileReference; lastKnownFileType = sourcecode.swift; path = BlockRefinement.swift; sourceTree = "<group>"; };
		BB0001010000000000000117 /* RefinePrompts.swift */ = {isa = PBXFileReference; lastKnownFileType = sourcecode.swift; path = RefinePrompts.swift; sourceTree = "<group>"; };
		BB000101000000000000011A /* BlockKeyboardEditing.swift */ = {isa = PBXFileReference; lastKnownFileType = sourcecode.swift; path = BlockKeyboardEditing.swift; sourceTree = "<group>"; };
		BB000101000000000000011B /* RichPasteImporter.swift */ = {isa = PBXFileReference; lastKnownFileType = sourcecode.swift; path = RichPasteImporter.swift; sourceTree = "<group>"; };
		BB000101000000000000011C /* RefineAvailability.swift */ = {isa = PBXFileReference; lastKnownFileType = sourcecode.swift; path = RefineAvailability.swift; sourceTree = "<group>"; };
		BB000101000000000000011D /* MorningPaperGenerator.swift */ = {isa = PBXFileReference; lastKnownFileType = sourcecode.swift; path = MorningPaperGenerator.swift; sourceTree = "<group>"; };
		BB000101000000000000011E /* ResearchDigestBuilder.swift */ = {isa = PBXFileReference; lastKnownFileType = sourcecode.swift; path = ResearchDigestBuilder.swift; sourceTree = "<group>"; };
		BB000101000000000000011F /* MorningPaperSheet.swift */ = {isa = PBXFileReference; lastKnownFileType = sourcecode.swift; path = MorningPaperSheet.swift; sourceTree = "<group>"; };
		BB0001010000000000000120 /* ResearchDigestSheet.swift */ = {isa = PBXFileReference; lastKnownFileType = sourcecode.swift; path = ResearchDigestSheet.swift; sourceTree = "<group>"; };
		BB0001010000000000000121 /* ObsidianMarkdownNormalizer.swift */ = {isa = PBXFileReference; lastKnownFileType = sourcecode.swift; path = ObsidianMarkdownNormalizer.swift; sourceTree = "<group>"; };
		BB0001010000000000000122 /* ObsidianVaultImporter.swift */ = {isa = PBXFileReference; lastKnownFileType = sourcecode.swift; path = ObsidianVaultImporter.swift; sourceTree = "<group>"; };
		BB0001010000000000000123 /* ObsidianImportSheet.swift */ = {isa = PBXFileReference; lastKnownFileType = sourcecode.swift; path = ObsidianImportSheet.swift; sourceTree = "<group>"; };
		BB0001010000000000000013 /* RAGService.swift */ = {isa = PBXFileReference; lastKnownFileType = sourcecode.swift; path = RAGService.swift; sourceTree = "<group>"; };
		BB0001010000000000000014 /* MarkdownImporter.swift */ = {isa = PBXFileReference; lastKnownFileType = sourcecode.swift; path = MarkdownImporter.swift; sourceTree = "<group>"; };
		BB0001010000000000000015 /* PageType.swift */ = {isa = PBXFileReference; lastKnownFileType = sourcecode.swift; path = PageType.swift; sourceTree = "<group>"; };
		BB0001010000000000000016 /* PageProperties.swift */ = {isa = PBXFileReference; lastKnownFileType = sourcecode.swift; path = PageProperties.swift; sourceTree = "<group>"; };
		BB0001010000000000000017 /* TypeTemplate.swift */ = {isa = PBXFileReference; lastKnownFileType = sourcecode.swift; path = TypeTemplate.swift; sourceTree = "<group>"; };
		BB0001010000000000000018 /* TypePickerView.swift */ = {isa = PBXFileReference; lastKnownFileType = sourcecode.swift; path = TypePickerView.swift; sourceTree = "<group>"; };
		BB0001010000000000000019 /* PropertyInspectorView.swift */ = {isa = PBXFileReference; lastKnownFileType = sourcecode.swift; path = PropertyInspectorView.swift; sourceTree = "<group>"; };
		BB000101000000000000001A /* AISafetyLimits.swift */ = {isa = PBXFileReference; lastKnownFileType = sourcecode.swift; path = AISafetyLimits.swift; sourceTree = "<group>"; };
		BB000101000000000000001B /* SessionSnapshot.swift */ = {isa = PBXFileReference; lastKnownFileType = sourcecode.swift; path = SessionSnapshot.swift; sourceTree = "<group>"; };
		BB000101000000000000001C /* PastWritesService.swift */ = {isa = PBXFileReference; lastKnownFileType = sourcecode.swift; path = PastWritesService.swift; sourceTree = "<group>"; };
		BB000101000000000000001D /* REMImportAdapter.swift */ = {isa = PBXFileReference; lastKnownFileType = sourcecode.swift; path = REMImportAdapter.swift; sourceTree = "<group>"; };
		BB000101000000000000001E /* PastWritesTimelineView.swift */ = {isa = PBXFileReference; lastKnownFileType = sourcecode.swift; path = PastWritesTimelineView.swift; sourceTree = "<group>"; };
		BB000101000000000000001F /* InspectorTab.swift */ = {isa = PBXFileReference; lastKnownFileType = sourcecode.swift; path = InspectorTab.swift; sourceTree = "<group>"; };
		BB0001010000000000000020 /* WorkbenchInspectorView.swift */ = {isa = PBXFileReference; lastKnownFileType = sourcecode.swift; path = WorkbenchInspectorView.swift; sourceTree = "<group>"; };
		BB0001010000000000000021 /* IndexChunk.swift */ = {isa = PBXFileReference; lastKnownFileType = sourcecode.swift; path = IndexChunk.swift; sourceTree = "<group>"; };
		BB0001010000000000000022 /* DesignTokens.swift */ = {isa = PBXFileReference; lastKnownFileType = sourcecode.swift; path = DesignTokens.swift; sourceTree = "<group>"; };
		BB0001010000000000000023 /* EmbeddingService.swift */ = {isa = PBXFileReference; lastKnownFileType = sourcecode.swift; path = EmbeddingService.swift; sourceTree = "<group>"; };
		BB0001010000000000000024 /* InMemoryVectorStore.swift */ = {isa = PBXFileReference; lastKnownFileType = sourcecode.swift; path = InMemoryVectorStore.swift; sourceTree = "<group>"; };
		BB0001010000000000000025 /* OpenWriteAIServices.swift */ = {isa = PBXFileReference; lastKnownFileType = sourcecode.swift; path = OpenWriteAIServices.swift; sourceTree = "<group>"; };
		BB0001010000000000000026 /* ChatPanelView.swift */ = {isa = PBXFileReference; lastKnownFileType = sourcecode.swift; path = ChatPanelView.swift; sourceTree = "<group>"; };
		BB0001010000000000000102 /* ChatComposerView.swift */ = {isa = PBXFileReference; lastKnownFileType = sourcecode.swift; path = ChatComposerView.swift; sourceTree = "<group>"; };
		BB0001010000000000000106 /* ChatComposerPasteBridge.swift */ = {isa = PBXFileReference; lastKnownFileType = sourcecode.swift; path = ChatComposerPasteBridge.swift; sourceTree = "<group>"; };
		BB0001010000000000000107 /* OWRefineAssistPanel.swift */ = {isa = PBXFileReference; lastKnownFileType = sourcecode.swift; path = OWRefineAssistPanel.swift; sourceTree = "<group>"; };
		BB000101000000000000010D /* OWSuggestedActionsPanel.swift */ = {isa = PBXFileReference; lastKnownFileType = sourcecode.swift; path = OWSuggestedActionsPanel.swift; sourceTree = "<group>"; };
		BB0001010000000000000108 /* OWBrandLogoView.swift */ = {isa = PBXFileReference; lastKnownFileType = sourcecode.swift; path = OWBrandLogoView.swift; sourceTree = "<group>"; };
		BB0001010000000000000109 /* OWActionScript.swift */ = {isa = PBXFileReference; lastKnownFileType = sourcecode.swift; path = OWActionScript.swift; sourceTree = "<group>"; };
		BB000101000000000000010A /* EditorBlockInsertMenu.swift */ = {isa = PBXFileReference; lastKnownFileType = sourcecode.swift; path = EditorBlockInsertMenu.swift; sourceTree = "<group>"; };
		BB000101000000000000010B /* ChatVisionPayload.swift */ = {isa = PBXFileReference; lastKnownFileType = sourcecode.swift; path = ChatVisionPayload.swift; sourceTree = "<group>"; };
		BB000101000000000000010C /* OWPageIconCatalog.swift */ = {isa = PBXFileReference; lastKnownFileType = sourcecode.swift; path = OWPageIconCatalog.swift; sourceTree = "<group>"; };
		BB0001010000000000000103 /* ChatTranscriptView.swift */ = {isa = PBXFileReference; lastKnownFileType = sourcecode.swift; path = ChatTranscriptView.swift; sourceTree = "<group>"; };
		BB00010100000000000000F0 /* RAGSourcePillsView.swift */ = {isa = PBXFileReference; lastKnownFileType = sourcecode.swift; path = RAGSourcePillsView.swift; sourceTree = "<group>"; };
		BB00010100000000000000F1 /* RetrievalHit+Sources.swift */ = {isa = PBXFileReference; lastKnownFileType = sourcecode.swift; path = "RetrievalHit+Sources.swift"; sourceTree = "<group>"; };
		BB00010100000000000000F9 /* ChatAttachmentStore.swift */ = {isa = PBXFileReference; lastKnownFileType = sourcecode.swift; path = ChatAttachmentStore.swift; sourceTree = "<group>"; };
		BB00010100000000000000FB /* OWChatStatusStepper.swift */ = {isa = PBXFileReference; lastKnownFileType = sourcecode.swift; path = OWChatStatusStepper.swift; sourceTree = "<group>"; };
		BB00010100000000000000F5 /* OpenWriteThemedScrollView.swift */ = {isa = PBXFileReference; lastKnownFileType = sourcecode.swift; path = OpenWriteThemedScrollView.swift; sourceTree = "<group>"; };
		BB00010100000000000000FE /* ChatSessionStore.swift */ = {isa = PBXFileReference; lastKnownFileType = sourcecode.swift; path = ChatSessionStore.swift; sourceTree = "<group>"; };
		BB00010100000000000000FA /* SourceDisplayName.swift */ = {isa = PBXFileReference; lastKnownFileType = sourcecode.swift; path = SourceDisplayName.swift; sourceTree = "<group>"; };
		BB00010100000000000000F2 /* LMStudioConfigPersistence.swift */ = {isa = PBXFileReference; lastKnownFileType = sourcecode.swift; path = LMStudioConfigPersistence.swift; sourceTree = "<group>"; };
		BB0001010000000000000100 /* WebFetchService.swift */ = {isa = PBXFileReference; lastKnownFileType = sourcecode.swift; path = WebFetchService.swift; sourceTree = "<group>"; };
		BB0001010000000000000112 /* WebResearchPipeline.swift */ = {isa = PBXFileReference; lastKnownFileType = sourcecode.swift; path = WebResearchPipeline.swift; sourceTree = "<group>"; };
		BB0001010000000000000113 /* WebSourcePillsView.swift */ = {isa = PBXFileReference; lastKnownFileType = sourcecode.swift; path = WebSourcePillsView.swift; sourceTree = "<group>"; };
		BB0001010000000000000114 /* RetrievalQueryAnalysis.swift */ = {isa = PBXFileReference; lastKnownFileType = sourcecode.swift; path = RetrievalQueryAnalysis.swift; sourceTree = "<group>"; };
		BB0001010000000000000115 /* OpenWriteCLIInstall.swift */ = {isa = PBXFileReference; lastKnownFileType = sourcecode.swift; path = OpenWriteCLIInstall.swift; sourceTree = "<group>"; };
		BB00010100000000000000F3 /* VaultIndexEntry.swift */ = {isa = PBXFileReference; lastKnownFileType = sourcecode.swift; path = VaultIndexEntry.swift; sourceTree = "<group>"; };
		BB0001010000000000000027 /* RelatedNotesView.swift */ = {isa = PBXFileReference; lastKnownFileType = sourcecode.swift; path = RelatedNotesView.swift; sourceTree = "<group>"; };
		BB0001010000000000000028 /* AgentConfig.swift */ = {isa = PBXFileReference; lastKnownFileType = sourcecode.swift; path = AgentConfig.swift; sourceTree = "<group>"; };
		BB0001010000000000000029 /* BuiltInAgents.swift */ = {isa = PBXFileReference; lastKnownFileType = sourcecode.swift; path = BuiltInAgents.swift; sourceTree = "<group>"; };
		BB000101000000000000002A /* DictationService.swift */ = {isa = PBXFileReference; lastKnownFileType = sourcecode.swift; path = DictationService.swift; sourceTree = "<group>"; };
		BB0001010000000000000032 /* VoiceInputService.swift */ = {isa = PBXFileReference; lastKnownFileType = sourcecode.swift; path = VoiceInputService.swift; sourceTree = "<group>"; };
		BB000101000000000000002B /* AgentPickerView.swift */ = {isa = PBXFileReference; lastKnownFileType = sourcecode.swift; path = AgentPickerView.swift; sourceTree = "<group>"; };
		BB000101000000000000002C /* InlineAssistController.swift */ = {isa = PBXFileReference; lastKnownFileType = sourcecode.swift; path = InlineAssistController.swift; sourceTree = "<group>"; };
		BB00010100000000000000F6 /* InlineMarkdown.swift */ = {isa = PBXFileReference; lastKnownFileType = sourcecode.swift; path = InlineMarkdown.swift; sourceTree = "<group>"; };
		BB00010100000000000000F7 /* OWBlockTextEditor.swift */ = {isa = PBXFileReference; lastKnownFileType = sourcecode.swift; path = OWBlockTextEditor.swift; sourceTree = "<group>"; };
		BB00010100000000000000F8 /* BlockFormattingState.swift */ = {isa = PBXFileReference; lastKnownFileType = sourcecode.swift; path = BlockFormattingState.swift; sourceTree = "<group>"; };
		BB0001010000000000000030 /* StructureTemplate.swift */ = {isa = PBXFileReference; lastKnownFileType = sourcecode.swift; path = StructureTemplate.swift; sourceTree = "<group>"; };
		BB0001010000000000000031 /* StructureTemplatePicker.swift */ = {isa = PBXFileReference; lastKnownFileType = sourcecode.swift; path = StructureTemplatePicker.swift; sourceTree = "<group>"; };
		BB0001010000000000000034 /* OWSidebarRow.swift */ = {isa = PBXFileReference; lastKnownFileType = sourcecode.swift; path = OWSidebarRow.swift; sourceTree = "<group>"; };
		BB00010100000000000000B5 /* OWSidebarSection.swift */ = {isa = PBXFileReference; lastKnownFileType = sourcecode.swift; path = OWSidebarSection.swift; sourceTree = "<group>"; };
		BB0001010000000000000035 /* AISettingsView.swift */ = {isa = PBXFileReference; lastKnownFileType = sourcecode.swift; path = AISettingsView.swift; sourceTree = "<group>"; };
		BB0001010000000000000036 /* OWRoundedRect.swift */ = {isa = PBXFileReference; lastKnownFileType = sourcecode.swift; path = OWRoundedRect.swift; sourceTree = "<group>"; };
		BB0001010000000000000038 /* OWPageHero.swift */ = {isa = PBXFileReference; lastKnownFileType = sourcecode.swift; path = OWPageHero.swift; sourceTree = "<group>"; };
		BB00010100000000000000B4 /* OWAIPanelHeader.swift */ = {isa = PBXFileReference; lastKnownFileType = sourcecode.swift; path = OWAIPanelHeader.swift; sourceTree = "<group>"; };
		BB00010100000000000000D2 /* OWPageHeaderEditor.swift */ = {isa = PBXFileReference; lastKnownFileType = sourcecode.swift; path = OWPageHeaderEditor.swift; sourceTree = "<group>"; };
		BB00010100000000000000D4 /* OWUnicodeSymbolCatalog.swift */ = {isa = PBXFileReference; lastKnownFileType = sourcecode.swift; path = OWUnicodeSymbolCatalog.swift; sourceTree = "<group>"; };
		BB0001010000000000000047 /* OWPreviewBlockRow.swift */ = {isa = PBXFileReference; lastKnownFileType = sourcecode.swift; path = OWPreviewBlockRow.swift; sourceTree = "<group>"; };
		BB0001010000000000000048 /* OWBlockEditorView.swift */ = {isa = PBXFileReference; lastKnownFileType = sourcecode.swift; path = OWBlockEditorView.swift; sourceTree = "<group>"; };
		BB000101000000000000010E /* BlockDocumentEditing.swift */ = {isa = PBXFileReference; lastKnownFileType = sourcecode.swift; path = BlockDocumentEditing.swift; sourceTree = "<group>"; };
		BB000101000000000000010F /* OpenWriteProductContext.swift */ = {isa = PBXFileReference; lastKnownFileType = sourcecode.swift; path = OpenWriteProductContext.swift; sourceTree = "<group>"; };
		BB0001010000000000000110 /* EditorActionPreviews.swift */ = {isa = PBXFileReference; lastKnownFileType = sourcecode.swift; path = EditorActionPreviews.swift; sourceTree = "<group>"; };
		BB0001010000000000000039 /* OWObjectTypeChip.swift */ = {isa = PBXFileReference; lastKnownFileType = sourcecode.swift; path = OWObjectTypeChip.swift; sourceTree = "<group>"; };
		BB000101000000000000003A /* AgentRegistry.swift */ = {isa = PBXFileReference; lastKnownFileType = sourcecode.swift; path = AgentRegistry.swift; sourceTree = "<group>"; };
		BB000101000000000000003E /* OWMetadataChip.swift */ = {isa = PBXFileReference; lastKnownFileType = sourcecode.swift; path = OWMetadataChip.swift; sourceTree = "<group>"; };
		BB0001010000000000000040 /* AnytypeShellView.swift */ = {isa = PBXFileReference; lastKnownFileType = sourcecode.swift; path = AnytypeShellView.swift; sourceTree = "<group>"; };
		BB0001010000000000000101 /* WorkbenchLayoutCoordinator.swift */ = {isa = PBXFileReference; lastKnownFileType = sourcecode.swift; path = WorkbenchLayoutCoordinator.swift; sourceTree = "<group>"; };
		BB0001010000000000000111 /* AgentsWorkbenchView.swift */ = {isa = PBXFileReference; lastKnownFileType = sourcecode.swift; path = AgentsWorkbenchView.swift; sourceTree = "<group>"; };
		BB0001010000000000000104 /* BlockEditorPasteCaptureView.swift */ = {isa = PBXFileReference; lastKnownFileType = sourcecode.swift; path = BlockEditorPasteCaptureView.swift; sourceTree = "<group>"; };
		BB0001010000000000000105 /* EditorPreviewBlockStack.swift */ = {isa = PBXFileReference; lastKnownFileType = sourcecode.swift; path = EditorPreviewBlockStack.swift; sourceTree = "<group>"; };
		BB00010100000000000000FC /* OWWindowChrome.swift */ = {isa = PBXFileReference; lastKnownFileType = sourcecode.swift; path = OWWindowChrome.swift; sourceTree = "<group>"; };
		BB00010100000000000000FD /* ShellChromePreferences.swift */ = {isa = PBXFileReference; lastKnownFileType = sourcecode.swift; path = ShellChromePreferences.swift; sourceTree = "<group>"; };
		BB00010100000000000000B3 /* OWNavigationRail.swift */ = {isa = PBXFileReference; lastKnownFileType = sourcecode.swift; path = OWNavigationRail.swift; sourceTree = "<group>"; };
		BB00010100000000000000D0 /* LaunchIntroView.swift */ = {isa = PBXFileReference; lastKnownFileType = sourcecode.swift; path = LaunchIntroView.swift; sourceTree = "<group>"; };
		BB0001010000000000000041 /* GraphPlaceholderView.swift */ = {isa = PBXFileReference; lastKnownFileType = sourcecode.swift; path = GraphPlaceholderView.swift; sourceTree = "<group>"; };
		BB0001010000000000000042 /* AIAssistStripView.swift */ = {isa = PBXFileReference; lastKnownFileType = sourcecode.swift; path = AIAssistStripView.swift; sourceTree = "<group>"; };
		BB0001010000000000000043 /* CenterWorkbenchTab.swift */ = {isa = PBXFileReference; lastKnownFileType = sourcecode.swift; path = CenterWorkbenchTab.swift; sourceTree = "<group>"; };
		BB0001010000000000000044 /* GraphViewModel.swift */ = {isa = PBXFileReference; lastKnownFileType = sourcecode.swift; path = GraphViewModel.swift; sourceTree = "<group>"; };
		BB0001010000000000000045 /* GraphView.swift */ = {isa = PBXFileReference; lastKnownFileType = sourcecode.swift; path = GraphView.swift; sourceTree = "<group>"; };
		BB0001010000000000000046 /* GraphLayoutStore.swift */ = {isa = PBXFileReference; lastKnownFileType = sourcecode.swift; path = GraphLayoutStore.swift; sourceTree = "<group>"; };
		BB000101000000000000004C /* IngestionPipeline.swift */ = {isa = PBXFileReference; lastKnownFileType = sourcecode.swift; path = IngestionPipeline.swift; sourceTree = "<group>"; };
		BB000101000000000000004D /* IngestionHealth.swift */ = {isa = PBXFileReference; lastKnownFileType = sourcecode.swift; path = IngestionHealth.swift; sourceTree = "<group>"; };
		BB000101000000000000004E /* VaultFSEventsStub.swift */ = {isa = PBXFileReference; lastKnownFileType = sourcecode.swift; path = VaultFSEventsStub.swift; sourceTree = "<group>"; };
		BB000101000000000000005F /* Fonts */ = {isa = PBXFileReference; lastKnownFileType = folder; path = Fonts; sourceTree = "<group>"; };
		BB0001010000000000000055 /* Info.plist */ = {isa = PBXFileReference; lastKnownFileType = text.plist.xml; path = Info.plist; sourceTree = "<group>"; };
		BB00010100000000000000D1 /* OWTypography.swift */ = {isa = PBXFileReference; lastKnownFileType = sourcecode.swift; path = OWTypography.swift; sourceTree = "<group>"; };
		BB00010100000000000000B1 /* OWIcon.swift */ = {isa = PBXFileReference; lastKnownFileType = sourcecode.swift; path = OWIcon.swift; sourceTree = "<group>"; };
		BB00010100000000000000D3 /* OWUnicodeIcon.swift */ = {isa = PBXFileReference; lastKnownFileType = sourcecode.swift; path = OWUnicodeIcon.swift; sourceTree = "<group>"; };
		BB00010100000000000000B2 /* AIAssistNavigationState.swift */ = {isa = PBXFileReference; lastKnownFileType = sourcecode.swift; path = AIAssistNavigationState.swift; sourceTree = "<group>"; };
		BB0001010000000000000056 /* OWDatabase.swift */ = {isa = PBXFileReference; lastKnownFileType = sourcecode.swift; path = OWDatabase.swift; sourceTree = "<group>"; };
		BB0001010000000000000057 /* OWDatabaseEntry.swift */ = {isa = PBXFileReference; lastKnownFileType = sourcecode.swift; path = OWDatabaseEntry.swift; sourceTree = "<group>"; };
		BB0001010000000000000058 /* VaultSnapshot.swift */ = {isa = PBXFileReference; lastKnownFileType = sourcecode.swift; path = VaultSnapshot.swift; sourceTree = "<group>"; };
		BB0001010000000000000059 /* DatabaseListView.swift */ = {isa = PBXFileReference; lastKnownFileType = sourcecode.swift; path = DatabaseListView.swift; sourceTree = "<group>"; };
		BB000101000000000000005A /* DatabaseTableView.swift */ = {isa = PBXFileReference; lastKnownFileType = sourcecode.swift; path = DatabaseTableView.swift; sourceTree = "<group>"; };
		BB000101000000000000005B /* CreateDatabaseSheet.swift */ = {isa = PBXFileReference; lastKnownFileType = sourcecode.swift; path = CreateDatabaseSheet.swift; sourceTree = "<group>"; };
		BB00010100000000000000C1 /* ThemeID.swift */ = {isa = PBXFileReference; lastKnownFileType = sourcecode.swift; path = ThemeID.swift; sourceTree = "<group>"; };
		BB00010100000000000000C2 /* ThemePalette.swift */ = {isa = PBXFileReference; lastKnownFileType = sourcecode.swift; path = ThemePalette.swift; sourceTree = "<group>"; };
		BB00010100000000000000C3 /* ThemeManager.swift */ = {isa = PBXFileReference; lastKnownFileType = sourcecode.swift; path = ThemeManager.swift; sourceTree = "<group>"; };
		BB00010100000000000000C4 /* ThemePickerView.swift */ = {isa = PBXFileReference; lastKnownFileType = sourcecode.swift; path = ThemePickerView.swift; sourceTree = "<group>"; };
		BB00010100000000000000C5 /* OpenWriteSettingsView.swift */ = {isa = PBXFileReference; lastKnownFileType = sourcecode.swift; path = OpenWriteSettingsView.swift; sourceTree = "<group>"; };
		BB00010100000000000000D5 /* VaultAttachmentStore.swift */ = {isa = PBXFileReference; lastKnownFileType = sourcecode.swift; path = VaultAttachmentStore.swift; sourceTree = "<group>"; };
		BB00010100000000000000D9 /* VaultCoverStore.swift */ = {isa = PBXFileReference; lastKnownFileType = sourcecode.swift; path = VaultCoverStore.swift; sourceTree = "<group>"; };
		BB00010100000000000000D6 /* OWThemedControls.swift */ = {isa = PBXFileReference; lastKnownFileType = sourcecode.swift; path = OWThemedControls.swift; sourceTree = "<group>"; };
		BB00010100000000000000D7 /* OpenWriteVault.swift */ = {isa = PBXFileReference; lastKnownFileType = sourcecode.swift; path = OpenWriteVault.swift; sourceTree = "<group>"; };
		BB00010100000000000000D8 /* DemoVaultSeeder.swift */ = {isa = PBXFileReference; lastKnownFileType = sourcecode.swift; path = DemoVaultSeeder.swift; sourceTree = "<group>"; };
		BB00010100000000000000DA /* VaultLocationPreferences.swift */ = {isa = PBXFileReference; lastKnownFileType = sourcecode.swift; path = VaultLocationPreferences.swift; sourceTree = "<group>"; };
		BB00010100000000000000DB /* VaultMarkdownWatcher.swift */ = {isa = PBXFileReference; lastKnownFileType = sourcecode.swift; path = VaultMarkdownWatcher.swift; sourceTree = "<group>"; };
		BB00010100000000000000DC /* VaultMarkdownCatalog.swift */ = {isa = PBXFileReference; lastKnownFileType = sourcecode.swift; path = VaultMarkdownCatalog.swift; sourceTree = "<group>"; };
		BB00010100000000000000DE /* OWPageBanner.swift */ = {isa = PBXFileReference; lastKnownFileType = sourcecode.swift; path = OWPageBanner.swift; sourceTree = "<group>"; };
		BB00010100000000000000DF /* RetrievalHit+Sources.swift */ = {isa = PBXFileReference; lastKnownFileType = sourcecode.swift; path = "RetrievalHit+Sources.swift"; sourceTree = "<group>"; };
		CC0001010000000000000001 /* OpenWrite.app */ = {isa = PBXFileReference; explicitFileType = wrapper.application; includeInIndex = 0; path = OpenWrite.app; sourceTree = BUILT_PRODUCTS_DIR; };
/* End PBXFileReference section */

/* Begin PBXFrameworksBuildPhase section */
		DD0001010000000000000001 /* Frameworks */ = {
			isa = PBXFrameworksBuildPhase;
			buildActionMask = 2147483647;
			files = (
			);
			runOnlyForDeploymentPostprocessing = 0;
		};
/* End PBXFrameworksBuildPhase section */

/* Begin PBXGroup section */
		EE0001010000000000000001 = {
			isa = PBXGroup;
			children = (
				EE0001010000000000000002 /* OpenWrite */,
				EE0001010000000000000003 /* Products */,
			);
			sourceTree = "<group>";
		};
		EE0001010000000000000002 /* OpenWrite */ = {
			isa = PBXGroup;
			children = (
				EE0001010000000000000010 /* App */,
				EE0001010000000000000011 /* Core */,
				EE0001010000000000000012 /* Models */,
				EE0001010000000000000013 /* NoteDSL */,
				EE0001010000000000000014 /* AI */,
				EE0001010000000000000015 /* UI */,
				EE0001010000000000000028 /* Design */,
				EE0001010000000000000027 /* Import */,
				EE000101000000000000003B /* Resources */,
				BB000101000000000000000A /* Assets.xcassets */,
			);
			path = OpenWrite;
			sourceTree = "<group>";
		};
		EE0001010000000000000003 /* Products */ = {
			isa = PBXGroup;
			children = (
				CC0001010000000000000001 /* OpenWrite.app */,
			);
			name = Products;
			sourceTree = "<group>";
		};
		EE0001010000000000000010 /* App */ = {
			isa = PBXGroup;
			children = (
				BB0001010000000000000033 /* AppDelegate.swift */,
				BB0001010000000000000001 /* OpenWriteApp.swift */,
			);
			path = App;
			sourceTree = "<group>";
		};
		EE0001010000000000000011 /* Core */ = {
			isa = PBXGroup;
			children = (
				EE0001010000000000000039 /* Theme */,
				EE0001010000000000000020 /* Vault */,
				EE000101000000000000003A /* CLI */,
				EE0001010000000000000021 /* Crypto */,
				EE0001010000000000000022 /* Indexing */,
				EE0001010000000000000023 /* Retrieval */,
				EE0001010000000000000024 /* Graph */,
				EE000101000000000000002C /* PastWrites */,
				EE0001010000000000000053 /* Extras */,
			);
			path = Core;
			sourceTree = "<group>";
		};
		EE0001010000000000000053 /* Extras */ = {
			isa = PBXGroup;
			children = (
				BB000101000000000000011D /* MorningPaperGenerator.swift */,
				BB000101000000000000011E /* ResearchDigestBuilder.swift */,
			);
			path = Extras;
			sourceTree = "<group>";
		};
		EE0001010000000000000054 /* Extras */ = {
			isa = PBXGroup;
			children = (
				BB000101000000000000011F /* MorningPaperSheet.swift */,
				BB0001010000000000000120 /* ResearchDigestSheet.swift */,
				BB0001010000000000000123 /* ObsidianImportSheet.swift */,
			);
			path = Extras;
			sourceTree = "<group>";
		};
		EE0001010000000000000039 /* Theme */ = {
			isa = PBXGroup;
			children = (
				BB00010100000000000000C1 /* ThemeID.swift */,
				BB00010100000000000000C2 /* ThemePalette.swift */,
				BB00010100000000000000C3 /* ThemeManager.swift */,
			);
			path = Theme;
			sourceTree = "<group>";
		};
		EE0001010000000000000012 /* Models */ = {
			isa = PBXGroup;
			children = (
				BB0001010000000000000004 /* VaultDocument.swift */,
				BB00010100000000000000B6 /* CoverStyle.swift */,
				BB0001010000000000000015 /* PageType.swift */,
				BB0001010000000000000016 /* PageProperties.swift */,
				BB0001010000000000000017 /* TypeTemplate.swift */,
				BB0001010000000000000030 /* StructureTemplate.swift */,
				BB0001010000000000000056 /* OWDatabase.swift */,
				BB0001010000000000000057 /* OWDatabaseEntry.swift */,
			);
			path = Models;
			sourceTree = "<group>";
		};
		EE0001010000000000000013 /* NoteDSL */ = {
			isa = PBXGroup;
			children = (
				BB0001010000000000000005 /* NoteBlock.swift */,
				BB0001010000000000000116 /* BlockRefinement.swift */,
				BB0001010000000000000117 /* RefinePrompts.swift */,
				BB00010100000000000000F6 /* InlineMarkdown.swift */,
				BB0001010000000000000012 /* NDLParser.swift */,
			);
			path = NoteDSL;
			sourceTree = "<group>";
		};
		EE0001010000000000000014 /* AI */ = {
			isa = PBXGroup;
			children = (
				BB000101000000000000001A /* AISafetyLimits.swift */,
				BB000101000000000000011C /* RefineAvailability.swift */,
				BB0001010000000000000008 /* LMStudioConfig.swift */,
				BB00010100000000000000F2 /* LMStudioConfigPersistence.swift */,
				BB0001010000000000000009 /* LMStudioClient.swift */,
				BB0001010000000000000023 /* EmbeddingService.swift */,
				BB0001010000000000000013 /* RAGService.swift */,
				BB0001010000000000000109 /* OWActionScript.swift */,
				BB000101000000000000010B /* ChatVisionPayload.swift */,
				BB0001010000000000000100 /* WebFetchService.swift */,
				BB0001010000000000000112 /* WebResearchPipeline.swift */,
				BB0001010000000000000025 /* OpenWriteAIServices.swift */,
				BB0001010000000000000028 /* AgentConfig.swift */,
				BB000101000000000000003A /* AgentRegistry.swift */,
				BB000101000000000000010F /* OpenWriteProductContext.swift */,
				BB0001010000000000000029 /* BuiltInAgents.swift */,
				BB000101000000000000002A /* DictationService.swift */,
				BB0001010000000000000032 /* VoiceInputService.swift */,
			);
			path = AI;
			sourceTree = "<group>";
		};
		EE0001010000000000000015 /* UI */ = {
			isa = PBXGroup;
			children = (
				BB0001010000000000000002 /* ContentView.swift */,
				BB0001010000000000000003 /* EditorView.swift */,
				EE0001010000000000000037 /* Shell */,
				EE0001010000000000000038 /* Graph */,
				EE000101000000000000002F /* Design */,
				EE000101000000000000002E /* Editor */,
				EE000101000000000000002A /* Types */,
				EE0001010000000000000025 /* Workbench */,
				EE0001010000000000000036 /* Settings */,
				EE0001010000000000000026 /* Capture */,
				EE0001010000000000000051 /* PastWrites */,
				EE000101000000000000002D /* AI */,
				EE0001010000000000000052 /* Database */,
				EE0001010000000000000054 /* Extras */,
			);
			path = UI;
			sourceTree = "<group>";
		};
		EE000101000000000000002D /* AI */ = {
			isa = PBXGroup;
			children = (
				BB0001010000000000000026 /* ChatPanelView.swift */,
				BB0001010000000000000102 /* ChatComposerView.swift */,
				BB0001010000000000000106 /* ChatComposerPasteBridge.swift */,
				BB0001010000000000000103 /* ChatTranscriptView.swift */,
				BB000101000000000000010D /* OWSuggestedActionsPanel.swift */,
				BB0001010000000000000110 /* EditorActionPreviews.swift */,
				BB0001010000000000000113 /* WebSourcePillsView.swift */,
				BB00010100000000000000FB /* OWChatStatusStepper.swift */,
				BB00010100000000000000F0 /* RAGSourcePillsView.swift */,
				BB0001010000000000000027 /* RelatedNotesView.swift */,
				BB000101000000000000002B /* AgentPickerView.swift */,
			);
			path = AI;
			sourceTree = "<group>";
		};
		EE000101000000000000002A /* Types */ = {
			isa = PBXGroup;
			children = (
				BB0001010000000000000018 /* TypePickerView.swift */,
				BB0001010000000000000031 /* StructureTemplatePicker.swift */,
				BB0001010000000000000019 /* PropertyInspectorView.swift */,
			);
			path = Types;
			sourceTree = "<group>";
		};
		EE0001010000000000000052 /* Database */ = {
			isa = PBXGroup;
			children = (
				BB0001010000000000000059 /* DatabaseListView.swift */,
				BB000101000000000000005A /* DatabaseTableView.swift */,
				BB000101000000000000005B /* CreateDatabaseSheet.swift */,
			);
			path = Database;
			sourceTree = "<group>";
		};
		EE000101000000000000003A /* CLI */ = {
			isa = PBXGroup;
			children = (
				BB0001010000000000000115 /* OpenWriteCLIInstall.swift */,
			);
			path = CLI;
			sourceTree = "<group>";
		};
		EE0001010000000000000020 /* Vault */ = {
			isa = PBXGroup;
			children = (
				BB0001010000000000000007 /* VaultStore.swift */,
				BB00010100000000000000D7 /* OpenWriteVault.swift */,
				BB00010100000000000000D8 /* DemoVaultSeeder.swift */,
				BB0001010000000000000058 /* VaultSnapshot.swift */,
				BB00010100000000000000D5 /* VaultAttachmentStore.swift */,
				BB00010100000000000000D9 /* VaultCoverStore.swift */,
				BB00010100000000000000F9 /* ChatAttachmentStore.swift */,
				BB00010100000000000000FE /* ChatSessionStore.swift */,
				BB00010100000000000000DA /* VaultLocationPreferences.swift */,
				BB00010100000000000000DB /* VaultMarkdownWatcher.swift */,
				BB00010100000000000000DC /* VaultMarkdownCatalog.swift */,
			);
			path = Vault;
			sourceTree = "<group>";
		};
		EE0001010000000000000021 /* Crypto */ = {
			isa = PBXGroup;
			children = (
				BB0001010000000000000006 /* EncryptionService.swift */,
			);
			path = Crypto;
			sourceTree = "<group>";
		};
		EE0001010000000000000022 /* Indexing */ = {
			isa = PBXGroup;
			children = (
				BB0001010000000000000021 /* IndexChunk.swift */,
				BB000101000000000000000B /* IndexerService.swift */,
				BB00010100000000000000F3 /* VaultIndexEntry.swift */,
				BB0001010000000000000024 /* InMemoryVectorStore.swift */,
				BB000101000000000000004C /* IngestionPipeline.swift */,
				BB000101000000000000004D /* IngestionHealth.swift */,
				BB000101000000000000004E /* VaultFSEventsStub.swift */,
			);
			path = Indexing;
			sourceTree = "<group>";
		};
		EE0001010000000000000023 /* Retrieval */ = {
			isa = PBXGroup;
			children = (
				BB000101000000000000000C /* RetrievalService.swift */,
				BB0001010000000000000114 /* RetrievalQueryAnalysis.swift */,
				BB00010100000000000000F1 /* RetrievalHit+Sources.swift */,
				BB00010100000000000000FA /* SourceDisplayName.swift */,
				BB000101000000000000000D /* HybridRanker.swift */,
			);
			path = Retrieval;
			sourceTree = "<group>";
		};
		EE0001010000000000000024 /* Graph */ = {
			isa = PBXGroup;
			children = (
				BB000101000000000000000E /* BacklinkIndex.swift */,
				BB0001010000000000000044 /* GraphViewModel.swift */,
				BB0001010000000000000046 /* GraphLayoutStore.swift */,
			);
			path = Graph;
			sourceTree = "<group>";
		};
		EE0001010000000000000025 /* Workbench */ = {
			isa = PBXGroup;
			children = (
				BB000101000000000000000F /* WorkbenchState.swift */,
				BB0001010000000000000010 /* SidebarSection.swift */,
				BB000101000000000000001F /* InspectorTab.swift */,
				BB0001010000000000000020 /* WorkbenchInspectorView.swift */,
			);
			path = Workbench;
			sourceTree = "<group>";
		};
		EE0001010000000000000036 /* Settings */ = {
			isa = PBXGroup;
			children = (
				BB0001010000000000000035 /* AISettingsView.swift */,
				BB00010100000000000000C4 /* ThemePickerView.swift */,
				BB00010100000000000000C5 /* OpenWriteSettingsView.swift */,
			);
			path = Settings;
			sourceTree = "<group>";
		};
		EE000101000000000000002C /* PastWrites */ = {
			isa = PBXGroup;
			children = (
				BB000101000000000000001B /* SessionSnapshot.swift */,
				BB000101000000000000001C /* PastWritesService.swift */,
				BB000101000000000000001D /* REMImportAdapter.swift */,
			);
			path = PastWrites;
			sourceTree = "<group>";
		};
		EE0001010000000000000051 /* PastWrites */ = {
			isa = PBXGroup;
			children = (
				BB000101000000000000001E /* PastWritesTimelineView.swift */,
			);
			path = PastWrites;
			sourceTree = "<group>";
		};
		EE0001010000000000000026 /* Capture */ = {
			isa = PBXGroup;
			children = (
				BB0001010000000000000011 /* QuickCaptureController.swift */,
			);
			path = Capture;
			sourceTree = "<group>";
		};
		EE000101000000000000002E /* Editor */ = {
			isa = PBXGroup;
			children = (
				BB0001010000000000000104 /* BlockEditorPasteCaptureView.swift */,
				BB00010100000000000000F8 /* BlockFormattingState.swift */,
				BB0001010000000000000107 /* OWRefineAssistPanel.swift */,
				BB0001010000000000000105 /* EditorPreviewBlockStack.swift */,
				BB000101000000000000002C /* InlineAssistController.swift */,
				BB0001010000000000000048 /* OWBlockEditorView.swift */,
				BB000101000000000000010E /* BlockDocumentEditing.swift */,
				BB000101000000000000011A /* BlockKeyboardEditing.swift */,
				BB000101000000000000010A /* EditorBlockInsertMenu.swift */,
				BB00010100000000000000F7 /* OWBlockTextEditor.swift */,
			);
			path = Editor;
			sourceTree = "<group>";
		};
		EE000101000000000000002F /* Design */ = {
			isa = PBXGroup;
			children = (
				BB0001010000000000000036 /* OWRoundedRect.swift */,
				BB0001010000000000000034 /* OWSidebarRow.swift */,
				BB00010100000000000000B5 /* OWSidebarSection.swift */,
				BB0001010000000000000038 /* OWPageHero.swift */,
				BB00010100000000000000B4 /* OWAIPanelHeader.swift */,
				BB00010100000000000000D2 /* OWPageHeaderEditor.swift */,
				BB00010100000000000000D4 /* OWUnicodeSymbolCatalog.swift */,
				BB0001010000000000000047 /* OWPreviewBlockRow.swift */,
				BB0001010000000000000039 /* OWObjectTypeChip.swift */,
				BB000101000000000000003E /* OWMetadataChip.swift */,
				BB00010100000000000000B1 /* OWIcon.swift */,
				BB00010100000000000000D3 /* OWUnicodeIcon.swift */,
				BB0001010000000000000108 /* OWBrandLogoView.swift */,
				BB000101000000000000010C /* OWPageIconCatalog.swift */,
				BB00010100000000000000D6 /* OWThemedControls.swift */,
				BB00010100000000000000F5 /* OpenWriteThemedScrollView.swift */,
				BB00010100000000000000DE /* OWPageBanner.swift */,
			);
			path = Design;
			sourceTree = "<group>";
		};
		EE0001010000000000000037 /* Shell */ = {
			isa = PBXGroup;
			children = (
				BB00010100000000000000D0 /* LaunchIntroView.swift */,
				BB0001010000000000000040 /* AnytypeShellView.swift */,
				BB0001010000000000000101 /* WorkbenchLayoutCoordinator.swift */,
				BB0001010000000000000111 /* AgentsWorkbenchView.swift */,
				BB00010100000000000000FC /* OWWindowChrome.swift */,
				BB00010100000000000000FD /* ShellChromePreferences.swift */,
				BB00010100000000000000B3 /* OWNavigationRail.swift */,
				BB0001010000000000000041 /* GraphPlaceholderView.swift */,
				BB0001010000000000000042 /* AIAssistStripView.swift */,
				BB0001010000000000000043 /* CenterWorkbenchTab.swift */,
				BB00010100000000000000B2 /* AIAssistNavigationState.swift */,
			);
			path = Shell;
			sourceTree = "<group>";
		};
		EE0001010000000000000038 /* Graph */ = {
			isa = PBXGroup;
			children = (
				BB0001010000000000000045 /* GraphView.swift */,
			);
			path = Graph;
			sourceTree = "<group>";
		};
		EE0001010000000000000027 /* Import */ = {
			isa = PBXGroup;
			children = (
				BB0001010000000000000014 /* MarkdownImporter.swift */,
				BB000101000000000000011B /* RichPasteImporter.swift */,
				BB0001010000000000000121 /* ObsidianMarkdownNormalizer.swift */,
				BB0001010000000000000122 /* ObsidianVaultImporter.swift */,
			);
			path = Import;
			sourceTree = "<group>";
		};
		EE0001010000000000000028 /* Design */ = {
			isa = PBXGroup;
			children = (
				BB0001010000000000000022 /* DesignTokens.swift */,
				BB00010100000000000000D1 /* OWTypography.swift */,
			);
			path = Design;
			sourceTree = "<group>";
		};
		EE000101000000000000003B /* Resources */ = {
			isa = PBXGroup;
			children = (
				BB0001010000000000000055 /* Info.plist */,
				EE000101000000000000003C /* Fonts */,
			);
			path = Resources;
			sourceTree = "<group>";
		};
		EE000101000000000000003C /* Fonts */ = {
			isa = PBXGroup;
			children = (
				BB000101000000000000005F /* Fonts */,
			);
			name = Fonts;
			sourceTree = "<group>";
		};
/* End PBXGroup section */

/* Begin PBXNativeTarget section */
		FF0001010000000000000001 /* OpenWrite */ = {
			isa = PBXNativeTarget;
			buildConfigurationList = FF0001020000000000000002 /* Build configuration list for PBXNativeTarget "OpenWrite" */;
			buildPhases = (
				FF0001010000000000000002 /* Sources */,
				DD0001010000000000000001 /* Frameworks */,
				KK0001010000000000000001 /* Embed CLI Tools */,
				FF0001010000000000000003 /* Resources */,
			);
			buildRules = (
			);
			dependencies = (
			);
			name = OpenWrite;
			productName = OpenWrite;
			productReference = CC0001010000000000000001 /* OpenWrite.app */;
			productType = "com.apple.product-type.application";
		};
/* End PBXNativeTarget section */

/* Begin PBXProject section */
		GG0001010000000000000001 /* Project object */ = {
			isa = PBXProject;
			attributes = {
				BuildIndependentTargetsInParallel = 1;
				LastSwiftUpdateCheck = 1500;
				LastUpgradeCheck = 1500;
				TargetAttributes = {
					FF0001010000000000000001 = {
						CreatedOnToolsVersion = 15.0;
					};
				};
			};
			buildConfigurationList = GG0001020000000000000001 /* Build configuration list for PBXProject "OpenWrite" */;
			compatibilityVersion = "Xcode 14.0";
			developmentRegion = en;
			hasScannedForEncodings = 0;
			knownRegions = (
				en,
				Base,
			);
			mainGroup = EE0001010000000000000001;
			productRefGroup = EE0001010000000000000003 /* Products */;
			projectDirPath = "";
			projectRoot = "";
			targets = (
				FF0001010000000000000001 /* OpenWrite */,
			);
		};
/* End PBXProject section */

/* Begin PBXResourcesBuildPhase section */
		FF0001010000000000000003 /* Resources */ = {
			isa = PBXResourcesBuildPhase;
			buildActionMask = 2147483647;
			files = (
				AA000101000000000000000A /* Assets.xcassets in Resources */,
				AA000101000000000000005F /* Fonts in Resources */,
			);
			runOnlyForDeploymentPostprocessing = 0;
		};
/* End PBXResourcesBuildPhase section */

/* Begin PBXShellScriptBuildPhase section */
		KK0001010000000000000001 /* Embed CLI Tools */ = {
			isa = PBXShellScriptBuildPhase;
			alwaysOutOfDate = 1;
			buildActionMask = 2147483647;
			files = (
			);
			inputPaths = (
			);
			name = "Embed CLI Tools";
			outputPaths = (
			);
			runOnlyForDeploymentPostprocessing = 0;
			shellPath = /bin/sh;
			shellScript = "\"${PROJECT_DIR}/../scripts/embed-cli-tools.sh\"\n";
		};
/* End PBXShellScriptBuildPhase section */

/* Begin PBXSourcesBuildPhase section */
		FF0001010000000000000002 /* Sources */ = {
			isa = PBXSourcesBuildPhase;
			buildActionMask = 2147483647;
			files = (
				AA0001010000000000000001 /* OpenWriteApp.swift in Sources */,
				AA0001010000000000000033 /* AppDelegate.swift in Sources */,
				AA0001010000000000000002 /* ContentView.swift in Sources */,
				AA0001010000000000000003 /* EditorView.swift in Sources */,
				AA0001010000000000000004 /* VaultDocument.swift in Sources */,
				AA00010100000000000000B6 /* CoverStyle.swift in Sources */,
				AA0001010000000000000005 /* NoteBlock.swift in Sources */,
				AA0001010000000000000006 /* EncryptionService.swift in Sources */,
				AA0001010000000000000007 /* VaultStore.swift in Sources */,
				AA0001010000000000000008 /* LMStudioConfig.swift in Sources */,
				AA0001010000000000000009 /* LMStudioClient.swift in Sources */,
				AA000101000000000000000B /* IndexerService.swift in Sources */,
				AA00010100000000000000F3 /* VaultIndexEntry.swift in Sources */,
				AA000101000000000000000C /* RetrievalService.swift in Sources */,
				AA0001010000000000000114 /* RetrievalQueryAnalysis.swift in Sources */,
				AA0001010000000000000115 /* OpenWriteCLIInstall.swift in Sources */,
				AA000101000000000000000D /* HybridRanker.swift in Sources */,
				AA000101000000000000000E /* BacklinkIndex.swift in Sources */,
				AA000101000000000000000F /* WorkbenchState.swift in Sources */,
				AA0001010000000000000010 /* SidebarSection.swift in Sources */,
				AA0001010000000000000011 /* QuickCaptureController.swift in Sources */,
				AA0001010000000000000012 /* NDLParser.swift in Sources */,
				AA0001010000000000000116 /* BlockRefinement.swift in Sources */,
				AA0001010000000000000117 /* RefinePrompts.swift in Sources */,
				AA0001010000000000000013 /* RAGService.swift in Sources */,
				AA0001010000000000000109 /* OWActionScript.swift in Sources */,
				AA000101000000000000010B /* ChatVisionPayload.swift in Sources */,
				AA0001010000000000000014 /* MarkdownImporter.swift in Sources */,
				AA000101000000000000011B /* RichPasteImporter.swift in Sources */,
				AA0001010000000000000015 /* PageType.swift in Sources */,
				AA0001010000000000000016 /* PageProperties.swift in Sources */,
				AA0001010000000000000017 /* TypeTemplate.swift in Sources */,
				AA0001010000000000000018 /* TypePickerView.swift in Sources */,
				AA0001010000000000000019 /* PropertyInspectorView.swift in Sources */,
				AA000101000000000000001A /* AISafetyLimits.swift in Sources */,
				AA000101000000000000011C /* RefineAvailability.swift in Sources */,
				AA000101000000000000011D /* MorningPaperGenerator.swift in Sources */,
				AA000101000000000000011E /* ResearchDigestBuilder.swift in Sources */,
				AA000101000000000000011F /* MorningPaperSheet.swift in Sources */,
				AA0001010000000000000120 /* ResearchDigestSheet.swift in Sources */,
				AA0001010000000000000121 /* ObsidianMarkdownNormalizer.swift in Sources */,
				AA0001010000000000000122 /* ObsidianVaultImporter.swift in Sources */,
				AA0001010000000000000123 /* ObsidianImportSheet.swift in Sources */,
				AA000101000000000000001B /* SessionSnapshot.swift in Sources */,
				AA000101000000000000001C /* PastWritesService.swift in Sources */,
				AA000101000000000000001D /* REMImportAdapter.swift in Sources */,
				AA000101000000000000001E /* PastWritesTimelineView.swift in Sources */,
				AA000101000000000000001F /* InspectorTab.swift in Sources */,
				AA0001010000000000000020 /* WorkbenchInspectorView.swift in Sources */,
				AA0001010000000000000021 /* IndexChunk.swift in Sources */,
				AA0001010000000000000022 /* DesignTokens.swift in Sources */,
				AA00010100000000000000D1 /* OWTypography.swift in Sources */,
				AA0001010000000000000023 /* EmbeddingService.swift in Sources */,
				AA0001010000000000000024 /* InMemoryVectorStore.swift in Sources */,
				AA0001010000000000000025 /* OpenWriteAIServices.swift in Sources */,
				AA0001010000000000000026 /* ChatPanelView.swift in Sources */,
				AA0001010000000000000102 /* ChatComposerView.swift in Sources */,
				AA0001010000000000000106 /* ChatComposerPasteBridge.swift in Sources */,
				AA0001010000000000000103 /* ChatTranscriptView.swift in Sources */,
				AA000101000000000000010D /* OWSuggestedActionsPanel.swift in Sources */,
				AA00010100000000000000FB /* OWChatStatusStepper.swift in Sources */,
				AA00010100000000000000F5 /* OpenWriteThemedScrollView.swift in Sources */,
				AA00010100000000000000F0 /* RAGSourcePillsView.swift in Sources */,
				AA0001010000000000000027 /* RelatedNotesView.swift in Sources */,
				AA00010100000000000000F1 /* RetrievalHit+Sources.swift in Sources */,
				AA00010100000000000000F9 /* ChatAttachmentStore.swift in Sources */,
				AA00010100000000000000FE /* ChatSessionStore.swift in Sources */,
				AA00010100000000000000FA /* SourceDisplayName.swift in Sources */,
				AA00010100000000000000F2 /* LMStudioConfigPersistence.swift in Sources */,
				AA0001010000000000000100 /* WebFetchService.swift in Sources */,
				AA0001010000000000000112 /* WebResearchPipeline.swift in Sources */,
				AA0001010000000000000113 /* WebSourcePillsView.swift in Sources */,
				AA0001010000000000000028 /* AgentConfig.swift in Sources */,
				AA000101000000000000003A /* AgentRegistry.swift in Sources */,
				AA000101000000000000010F /* OpenWriteProductContext.swift in Sources */,
				AA0001010000000000000110 /* EditorActionPreviews.swift in Sources */,
				AA0001010000000000000029 /* BuiltInAgents.swift in Sources */,
				AA000101000000000000002A /* DictationService.swift in Sources */,
				AA0001010000000000000032 /* VoiceInputService.swift in Sources */,
				AA000101000000000000002B /* AgentPickerView.swift in Sources */,
				AA000101000000000000002C /* InlineAssistController.swift in Sources */,
				AA00010100000000000000F6 /* InlineMarkdown.swift in Sources */,
				AA00010100000000000000F7 /* OWBlockTextEditor.swift in Sources */,
				AA00010100000000000000F8 /* BlockFormattingState.swift in Sources */,
				AA0001010000000000000048 /* OWBlockEditorView.swift in Sources */,
				AA000101000000000000010E /* BlockDocumentEditing.swift in Sources */,
				AA000101000000000000011A /* BlockKeyboardEditing.swift in Sources */,
				AA000101000000000000010A /* EditorBlockInsertMenu.swift in Sources */,
				AA0001010000000000000104 /* BlockEditorPasteCaptureView.swift in Sources */,
				AA0001010000000000000107 /* OWRefineAssistPanel.swift in Sources */,
				AA0001010000000000000105 /* EditorPreviewBlockStack.swift in Sources */,
				AA0001010000000000000030 /* StructureTemplate.swift in Sources */,
				AA0001010000000000000031 /* StructureTemplatePicker.swift in Sources */,
				AA0001010000000000000034 /* OWSidebarRow.swift in Sources */,
				AA00010100000000000000B5 /* OWSidebarSection.swift in Sources */,
				AA0001010000000000000035 /* AISettingsView.swift in Sources */,
				AA0001010000000000000036 /* OWRoundedRect.swift in Sources */,
				AA0001010000000000000038 /* OWPageHero.swift in Sources */,
				AA00010100000000000000B4 /* OWAIPanelHeader.swift in Sources */,
				AA00010100000000000000D2 /* OWPageHeaderEditor.swift in Sources */,
				AA00010100000000000000D4 /* OWUnicodeSymbolCatalog.swift in Sources */,
				AA0001010000000000000047 /* OWPreviewBlockRow.swift in Sources */,
				AA0001010000000000000039 /* OWObjectTypeChip.swift in Sources */,
				AA000101000000000000003E /* OWMetadataChip.swift in Sources */,
				AA00010100000000000000D0 /* LaunchIntroView.swift in Sources */,
				AA0001010000000000000040 /* AnytypeShellView.swift in Sources */,
				AA0001010000000000000101 /* WorkbenchLayoutCoordinator.swift in Sources */,
				AA0001010000000000000111 /* AgentsWorkbenchView.swift in Sources */,
				AA00010100000000000000FC /* OWWindowChrome.swift in Sources */,
				AA00010100000000000000FD /* ShellChromePreferences.swift in Sources */,
				AA00010100000000000000B3 /* OWNavigationRail.swift in Sources */,
				AA0001010000000000000041 /* GraphPlaceholderView.swift in Sources */,
				AA0001010000000000000042 /* AIAssistStripView.swift in Sources */,
				AA00010100000000000000B2 /* AIAssistNavigationState.swift in Sources */,
				AA0001010000000000000043 /* CenterWorkbenchTab.swift in Sources */,
				AA0001010000000000000044 /* GraphViewModel.swift in Sources */,
				AA0001010000000000000045 /* GraphView.swift in Sources */,
				AA0001010000000000000046 /* GraphLayoutStore.swift in Sources */,
				AA00010100000000000000B1 /* OWIcon.swift in Sources */,
				AA00010100000000000000D3 /* OWUnicodeIcon.swift in Sources */,
				AA0001010000000000000108 /* OWBrandLogoView.swift in Sources */,
				AA000101000000000000010C /* OWPageIconCatalog.swift in Sources */,
				AA000101000000000000004C /* IngestionPipeline.swift in Sources */,
				AA000101000000000000004D /* IngestionHealth.swift in Sources */,
				AA000101000000000000004E /* VaultFSEventsStub.swift in Sources */,
				AA0001010000000000000056 /* OWDatabase.swift in Sources */,
				AA0001010000000000000057 /* OWDatabaseEntry.swift in Sources */,
				AA0001010000000000000058 /* VaultSnapshot.swift in Sources */,
				AA0001010000000000000059 /* DatabaseListView.swift in Sources */,
				AA000101000000000000005A /* DatabaseTableView.swift in Sources */,
				AA000101000000000000005B /* CreateDatabaseSheet.swift in Sources */,
				AA00010100000000000000C1 /* ThemeID.swift in Sources */,
				AA00010100000000000000C2 /* ThemePalette.swift in Sources */,
				AA00010100000000000000C3 /* ThemeManager.swift in Sources */,
				AA00010100000000000000C4 /* ThemePickerView.swift in Sources */,
				AA00010100000000000000C5 /* OpenWriteSettingsView.swift in Sources */,
				AA00010100000000000000D5 /* VaultAttachmentStore.swift in Sources */,
				AA00010100000000000000D9 /* VaultCoverStore.swift in Sources */,
				AA00010100000000000000D6 /* OWThemedControls.swift in Sources */,
				AA00010100000000000000D7 /* OpenWriteVault.swift in Sources */,
				AA00010100000000000000D8 /* DemoVaultSeeder.swift in Sources */,
				AA00010100000000000000DA /* VaultLocationPreferences.swift in Sources */,
				AA00010100000000000000DB /* VaultMarkdownWatcher.swift in Sources */,
				AA00010100000000000000DC /* VaultMarkdownCatalog.swift in Sources */,
			);
			runOnlyForDeploymentPostprocessing = 0;
		};
/* End PBXSourcesBuildPhase section */

/* Begin XCBuildConfiguration section */
		HH0001010000000000000001 /* Debug */ = {
			isa = XCBuildConfiguration;
			buildSettings = {
				ALWAYS_SEARCH_USER_PATHS = NO;
				CLANG_ENABLE_MODULES = YES;
				CLANG_ENABLE_OBJC_ARC = YES;
				COPY_PHASE_STRIP = NO;
				DEBUG_INFORMATION_FORMAT = dwarf;
				ENABLE_STRICT_OBJC_MSGSEND = YES;
				ENABLE_TESTABILITY = YES;
				GCC_DYNAMIC_NO_PIC = NO;
				GCC_OPTIMIZATION_LEVEL = 0;
				GCC_PREPROCESSOR_DEFINITIONS = (
					"DEBUG=1",
					"$(inherited)",
				);
				MACOSX_DEPLOYMENT_TARGET = 14.0;
				MTL_ENABLE_DEBUG_INFO = INCLUDE_SOURCE;
				ONLY_ACTIVE_ARCH = YES;
				SDKROOT = macosx;
				SWIFT_ACTIVE_COMPILATION_CONDITIONS = "DEBUG $(inherited)";
				SWIFT_OPTIMIZATION_LEVEL = "-Onone";
			};
			name = Debug;
		};
		HH0001010000000000000002 /* Release */ = {
			isa = XCBuildConfiguration;
			buildSettings = {
				ALWAYS_SEARCH_USER_PATHS = NO;
				CLANG_ENABLE_MODULES = YES;
				CLANG_ENABLE_OBJC_ARC = YES;
				COPY_PHASE_STRIP = NO;
				DEBUG_INFORMATION_FORMAT = "dwarf-with-dsym";
				ENABLE_NS_ASSERTIONS = NO;
				ENABLE_STRICT_OBJC_MSGSEND = YES;
				MACOSX_DEPLOYMENT_TARGET = 14.0;
				MTL_ENABLE_DEBUG_INFO = NO;
				SDKROOT = macosx;
				SWIFT_COMPILATION_MODE = wholemodule;
			};
			name = Release;
		};
		HH0001010000000000000003 /* Debug */ = {
			isa = XCBuildConfiguration;
			buildSettings = {
				ASSETCATALOG_COMPILER_APPICON_NAME = AppIcon;
				ASSETCATALOG_COMPILER_GLOBAL_ACCENT_COLOR_NAME = AccentColor;
				CODE_SIGN_STYLE = Automatic;
				COMBINE_HIDPI_IMAGES = YES;
				CURRENT_PROJECT_VERSION = 1;
				DEVELOPMENT_TEAM = "";
				ENABLE_HARDENED_RUNTIME = YES;
				ENABLE_PREVIEWS = YES;
				GENERATE_INFOPLIST_FILE = YES;
				INFOPLIST_FILE = OpenWrite/Resources/Info.plist;
				INFOPLIST_KEY_CFBundleDisplayName = OpenWrite;
				INFOPLIST_KEY_LSApplicationCategoryType = "public.app-category.productivity";
				INFOPLIST_KEY_NSHumanReadableCopyright = "";
				LD_RUNPATH_SEARCH_PATHS = (
					"$(inherited)",
					"@executable_path/../Frameworks",
				);
				MARKETING_VERSION = 0.1.0;
				PRODUCT_BUNDLE_IDENTIFIER = com.openwrite.app;
				PRODUCT_NAME = "$(TARGET_NAME)";
				SWIFT_EMIT_LOC_STRINGS = YES;
				SWIFT_VERSION = 5.0;
			};
			name = Debug;
		};
		HH0001010000000000000004 /* Release */ = {
			isa = XCBuildConfiguration;
			buildSettings = {
				ASSETCATALOG_COMPILER_APPICON_NAME = AppIcon;
				ASSETCATALOG_COMPILER_GLOBAL_ACCENT_COLOR_NAME = AccentColor;
				CODE_SIGN_STYLE = Automatic;
				COMBINE_HIDPI_IMAGES = YES;
				CURRENT_PROJECT_VERSION = 1;
				DEVELOPMENT_TEAM = "";
				ENABLE_HARDENED_RUNTIME = YES;
				ENABLE_PREVIEWS = YES;
				GENERATE_INFOPLIST_FILE = YES;
				INFOPLIST_FILE = OpenWrite/Resources/Info.plist;
				INFOPLIST_KEY_CFBundleDisplayName = OpenWrite;
				INFOPLIST_KEY_LSApplicationCategoryType = "public.app-category.productivity";
				INFOPLIST_KEY_NSHumanReadableCopyright = "";
				LD_RUNPATH_SEARCH_PATHS = (
					"$(inherited)",
					"@executable_path/../Frameworks",
				);
				MARKETING_VERSION = 0.1.0;
				PRODUCT_BUNDLE_IDENTIFIER = com.openwrite.app;
				PRODUCT_NAME = "$(TARGET_NAME)";
				SWIFT_EMIT_LOC_STRINGS = YES;
				SWIFT_VERSION = 5.0;
			};
			name = Release;
		};
/* End XCBuildConfiguration section */

/* Begin XCConfigurationList section */
		FF0001020000000000000002 /* Build configuration list for PBXNativeTarget "OpenWrite" */ = {
			isa = XCConfigurationList;
			buildConfigurations = (
				HH0001010000000000000003 /* Debug */,
				HH0001010000000000000004 /* Release */,
			);
			defaultConfigurationIsVisible = 0;
			defaultConfigurationName = Release;
		};
		GG0001020000000000000001 /* Build configuration list for PBXProject "OpenWrite" */ = {
			isa = XCConfigurationList;
			buildConfigurations = (
				HH0001010000000000000001 /* Debug */,
				HH0001010000000000000002 /* Release */,
			);
			defaultConfigurationIsVisible = 0;
			defaultConfigurationName = Release;
		};
/* End XCConfigurationList section */
	};
	rootObject = GG0001010000000000000001 /* Project object */;
}
